{
  "originHash" : "dc28cccbcc58697a38ca46903a918a09da4232064f184b9624a130eae817a871",
  "pins" : [
    {
      "identity" : "codeeditorview",
      "kind" : "remoteSourceControl",
      "location" : "https://github.com/mchakravarty/CodeEditorView.git",
      "state" : {
        "revision" : "aba6c189bb2f6fd9d7b8e9f5739aeb3c8c7e3254",
        "version" : "0.15.4"
      }
    },
    {
      "identity" : "grdb.swift",
      "kind" : "remoteSourceControl",
      "location" : "https://github.com/groue/GRDB.swift.git",
      "state" : {
        "revision" : "2cf6c756e1e5ef6901ebae16576a7e4e4b834622",
        "version" : "6.29.3"
      }
    },
    {
      "identity" : "rearrange",
      "kind" : "remoteSourceControl",
      "location" : "https://github.com/ChimeHQ/Rearrange.git",
      "state" : {
        "revision" : "5ff7f3363f7a08f77e0d761e38e6add31c2136e1",
        "version" : "1.8.1"
      }
    }
  ],
  "version" : 3
}
